
Microsoft Visual Studio Solution File, Format Version 12.00
# Visual Studio Version 17
VisualStudioVersion = 17.0.31717.71
MinimumVisualStudioVersion = 10.0.40219.1
Project("{FAE04EC0-301F-11D3-BF4B-00C04F79EFBC}") = "Lesson4-Practice4-LookupCollection", "Lesson4-Practice4-LookupCollection\Lesson4-Practice4-LookupCollection.csproj", "{DDE8C188-1EAD-4BB8-A955-377A528E6941}"
EndProject
Global
	GlobalSection(SolutionConfigurationPlatforms) = preSolution
		Debug|Any CPU = Debug|Any CPU
		Release|Any CPU = Release|Any CPU
	EndGlobalSection
	GlobalSection(ProjectConfigurationPlatforms) = postSolution
		{DDE8C188-1EAD-4BB8-A955-377A528E6941}.Debug|Any CPU.ActiveCfg = Debug|Any CPU
		{DDE8C188-1EAD-4BB8-A955-377A528E6941}.Debug|Any CPU.Build.0 = Debug|Any CPU
		{DDE8C188-1EAD-4BB8-A955-377A528E6941}.Release|Any CPU.ActiveCfg = Release|Any CPU
		{DDE8C188-1EAD-4BB8-A955-377A528E6941}.Release|Any CPU.Build.0 = Release|Any CPU
	EndGlobalSection
	GlobalSection(SolutionProperties) = preSolution
		HideSolutionNode = FALSE
	EndGlobalSection
	GlobalSection(ExtensibilityGlobals) = postSolution
		SolutionGuid = {0033D917-F132-4B99-931B-FC6FB8C4FC68}
	EndGlobalSection
EndGlobal
